
Microsoft Visual Studio Solution File, Format Version 12.00
# Visual Studio Version 16
VisualStudioVersion = 16.0.29215.179
MinimumVisualStudioVersion = 10.0.40219.1
Project("{FAE04EC0-301F-11D3-BF4B-00C04F79EFBC}") = "VSCC", "VSCC\VSCC.csproj", "{C1BD1854-893F-433E-AABE-FCACA1C8FD8D}"
EndProject
Project("{FAE04EC0-301F-11D3-BF4B-00C04F79EFBC}") = "Updater", "Updater\Updater.csproj", "{92932759-F16C-47FD-88A0-27199E9F9947}"
EndProject
Global
	GlobalSection(SolutionConfigurationPlatforms) = preSolution
		Debug|Any CPU = Debug|Any CPU
		Debug|x64 = Debug|x64
		Release|Any CPU = Release|Any CPU
		Release|x64 = Release|x64
	EndGlobalSection
	GlobalSection(ProjectConfigurationPlatforms) = postSolution
		{C1BD1854-893F-433E-AABE-FCACA1C8FD8D}.Debug|Any CPU.ActiveCfg = Debug|Any CPU
		{C1BD1854-893F-433E-AABE-FCACA1C8FD8D}.Debug|Any CPU.Build.0 = Debug|Any CPU
		{C1BD1854-893F-433E-AABE-FCACA1C8FD8D}.Debug|x64.ActiveCfg = Debug|x64
		{C1BD1854-893F-433E-AABE-FCACA1C8FD8D}.Debug|x64.Build.0 = Debug|x64
		{C1BD1854-893F-433E-AABE-FCACA1C8FD8D}.Release|Any CPU.ActiveCfg = Release|Any CPU
		{C1BD1854-893F-433E-AABE-FCACA1C8FD8D}.Release|Any CPU.Build.0 = Release|Any CPU
		{C1BD1854-893F-433E-AABE-FCACA1C8FD8D}.Release|x64.ActiveCfg = Release|x64
		{C1BD1854-893F-433E-AABE-FCACA1C8FD8D}.Release|x64.Build.0 = Release|x64
		{92932759-F16C-47FD-88A0-27199E9F9947}.Debug|Any CPU.ActiveCfg = Debug|Any CPU
		{92932759-F16C-47FD-88A0-27199E9F9947}.Debug|Any CPU.Build.0 = Debug|Any CPU
		{92932759-F16C-47FD-88A0-27199E9F9947}.Debug|x64.ActiveCfg = Debug|Any CPU
		{92932759-F16C-47FD-88A0-27199E9F9947}.Debug|x64.Build.0 = Debug|Any CPU
		{92932759-F16C-47FD-88A0-27199E9F9947}.Release|Any CPU.ActiveCfg = Release|Any CPU
		{92932759-F16C-47FD-88A0-27199E9F9947}.Release|Any CPU.Build.0 = Release|Any CPU
		{92932759-F16C-47FD-88A0-27199E9F9947}.Release|x64.ActiveCfg = Release|Any CPU
		{92932759-F16C-47FD-88A0-27199E9F9947}.Release|x64.Build.0 = Release|Any CPU
	EndGlobalSection
	GlobalSection(SolutionProperties) = preSolution
		HideSolutionNode = FALSE
	EndGlobalSection
	GlobalSection(ExtensibilityGlobals) = postSolution
		SolutionGuid = {5A16F600-EB4D-441E-9166-6CDD04CF19D3}
	EndGlobalSection
EndGlobal
